
Microsoft Visual Studio Solution File, Format Version 12.00
# Visual Studio Version 16
VisualStudioVersion = 16.0.31129.286
MinimumVisualStudioVersion = 10.0.40219.1
Project("{FAE04EC0-301F-11D3-BF4B-00C04F79EFBC}") = "Chat1", "Chat1\Chat1.csproj", "{33CCFBB4-C9C6-4DAF-A597-5F24EC5B3F75}"
EndProject
Global
	GlobalSection(SolutionConfigurationPlatforms) = preSolution
		Debug|Any CPU = Debug|Any CPU
		Release|Any CPU = Release|Any CPU
	EndGlobalSection
	GlobalSection(ProjectConfigurationPlatforms) = postSolution
		{33CCFBB4-C9C6-4DAF-A597-5F24EC5B3F75}.Debug|Any CPU.ActiveCfg = Debug|Any CPU
		{33CCFBB4-C9C6-4DAF-A597-5F24EC5B3F75}.Debug|Any CPU.Build.0 = Debug|Any CPU
		{33CCFBB4-C9C6-4DAF-A597-5F24EC5B3F75}.Release|Any CPU.ActiveCfg = Release|Any CPU
		{33CCFBB4-C9C6-4DAF-A597-5F24EC5B3F75}.Release|Any CPU.Build.0 = Release|Any CPU
	EndGlobalSection
	GlobalSection(SolutionProperties) = preSolution
		HideSolutionNode = FALSE
	EndGlobalSection
	GlobalSection(ExtensibilityGlobals) = postSolution
		SolutionGuid = {C167A02D-BED6-4549-A543-65CF2F0F0C83}
	EndGlobalSection
EndGlobal
